
Microsoft Visual Studio Solution File, Format Version 12.00
# Visual Studio Version 16
VisualStudioVersion = 16.0.31321.278
MinimumVisualStudioVersion = 10.0.40219.1
Project("{9A19103F-16F7-4668-BE54-9A1E7A4F7556}") = "Calcuuuuulator", "Calcuuuuulator\Calcuuuuulator.csproj", "{6ADA5041-02EE-4180-8441-75B1886FBFEB}"
EndProject
Global
	GlobalSection(SolutionConfigurationPlatforms) = preSolution
		Debug|Any CPU = Debug|Any CPU
		Release|Any CPU = Release|Any CPU
	EndGlobalSection
	GlobalSection(ProjectConfigurationPlatforms) = postSolution
		{6ADA5041-02EE-4180-8441-75B1886FBFEB}.Debug|Any CPU.ActiveCfg = Debug|Any CPU
		{6ADA5041-02EE-4180-8441-75B1886FBFEB}.Debug|Any CPU.Build.0 = Debug|Any CPU
		{6ADA5041-02EE-4180-8441-75B1886FBFEB}.Release|Any CPU.ActiveCfg = Release|Any CPU
		{6ADA5041-02EE-4180-8441-75B1886FBFEB}.Release|Any CPU.Build.0 = Release|Any CPU
	EndGlobalSection
	GlobalSection(SolutionProperties) = preSolution
		HideSolutionNode = FALSE
	EndGlobalSection
	GlobalSection(ExtensibilityGlobals) = postSolution
		SolutionGuid = {3B1C8FA0-A44B-42BA-995C-B17C171D3171}
	EndGlobalSection
EndGlobal
